
Microsoft Visual Studio Solution File, Format Version 12.00
# Visual Studio 2013
VisualStudioVersion = 12.0.31101.0
MinimumVisualStudioVersion = 10.0.40219.1
Project("{FAE04EC0-301F-11D3-BF4B-00C04F79EFBC}") = "C_sharp_1.0", "C_sharp_1.0\C_sharp_1.0.csproj", "{9C212134-E610-418A-A924-9E4A921DBB0E}"
EndProject
Global
	GlobalSection(SolutionConfigurationPlatforms) = preSolution
		Debug|Any CPU = Debug|Any CPU
		Release|Any CPU = Release|Any CPU
	EndGlobalSection
	GlobalSection(ProjectConfigurationPlatforms) = postSolution
		{9C212134-E610-418A-A924-9E4A921DBB0E}.Debug|Any CPU.ActiveCfg = Debug|Any CPU
		{9C212134-E610-418A-A924-9E4A921DBB0E}.Debug|Any CPU.Build.0 = Debug|Any CPU
		{9C212134-E610-418A-A924-9E4A921DBB0E}.Release|Any CPU.ActiveCfg = Release|Any CPU
		{9C212134-E610-418A-A924-9E4A921DBB0E}.Release|Any CPU.Build.0 = Release|Any CPU
	EndGlobalSection
	GlobalSection(SolutionProperties) = preSolution
		HideSolutionNode = FALSE
	EndGlobalSection
EndGlobal
